<?xml version="1.0" encoding="utf-8"?>
<Project ToolsVersion="4.0" xmlns="http://schemas.microsoft.com/developer/msbuild/2003">
  <ItemGroup>
    <Filter Include="源文件">
      <UniqueIdentifier>{4FC737F1-C7A5-4376-A066-2A32D752A2FF}</UniqueIdentifier>
      <Extensions>cpp;c;cc;cxx;def;odl;idl;hpj;bat;asm;asmx</Extensions>
    </Filter>
    <Filter Include="头文件">
      <UniqueIdentifier>{93995380-89BD-4b04-88EB-625FBE52EBFB}</UniqueIdentifier>
      <Extensions>h;hh;hpp;hxx;hm;inl;inc;xsd</Extensions>
    </Filter>
    <Filter Include="资源文件">
      <UniqueIdentifier>{67DA6AB6-F800-4c08-8B7A-83BB121AAD01}</UniqueIdentifier>
      <Extensions>rc;ico;cur;bmp;dlg;rc2;rct;bin;rgs;gif;jpg;jpeg;jpe;resx;tiff;tif;png;wav;mfcribbon-ms</Extensions>
    </Filter>
    <Filter Include="头文件\vapoursynth">
      <UniqueIdentifier>{c515c704-5d7b-4066-b4a2-ba3635719e41}</UniqueIdentifier>
    </Filter>
  </ItemGroup>
  <ItemGroup>
    <ClCompile Include="base_allocator.cpp">
      <Filter>源文件</Filter>
    </ClCompile>
    <ClCompile Include="dgmvccombine.cpp">
      <Filter>源文件</Filter>
    </ClCompile>
    <ClCompile Include="pipeline_decode.cpp">
      <Filter>源文件</Filter>
    </ClCompile>
    <ClCompile Include="sample_decode.cpp">
      <Filter>源文件</Filter>
    </ClCompile>
    <ClCompile Include="sample_utils.cpp">
      <Filter>源文件</Filter>
    </ClCompile>
    <ClCompile Include="sysmem_allocator.cpp">
      <Filter>源文件</Filter>
    </ClCompile>
    <ClCompile Include="yv12.cpp">
      <Filter>源文件</Filter>
    </ClCompile>
    <ClCompile Include="VSynthApi.cpp">
      <Filter>源文件</Filter>
    </ClCompile>
  </ItemGroup>
  <ItemGroup>
    <ClInclude Include="base_allocator.h">
      <Filter>头文件</Filter>
    </ClInclude>
    <ClInclude Include="file_defs.h">
      <Filter>头文件</Filter>
    </ClInclude>
    <ClInclude Include="global.h">
      <Filter>头文件</Filter>
    </ClInclude>
    <ClInclude Include="hw_device.h">
      <Filter>头文件</Filter>
    </ClInclude>
    <ClInclude Include="pipeline_decode.h">
      <Filter>头文件</Filter>
    </ClInclude>
    <ClInclude Include="resource.h">
      <Filter>头文件</Filter>
    </ClInclude>
    <ClInclude Include="sample_defs.h">
      <Filter>头文件</Filter>
    </ClInclude>
    <ClInclude Include="sample_utils.h">
      <Filter>头文件</Filter>
    </ClInclude>
    <ClInclude Include="strings_defs.h">
      <Filter>头文件</Filter>
    </ClInclude>
    <ClInclude Include="sysmem_allocator.h">
      <Filter>头文件</Filter>
    </ClInclude>
    <ClInclude Include="time_defs.h">
      <Filter>头文件</Filter>
    </ClInclude>
    <ClInclude Include="vapoursynth\VapourSynth.h">
      <Filter>头文件\vapoursynth</Filter>
    </ClInclude>
    <ClInclude Include="vapoursynth\VSHelper.h">
      <Filter>头文件\vapoursynth</Filter>
    </ClInclude>
    <ClInclude Include="vapoursynth\VSScript.h">
      <Filter>头文件\vapoursynth</Filter>
    </ClInclude>
    <ClInclude Include="MVCSourceVS.h">
      <Filter>头文件</Filter>
    </ClInclude>
  </ItemGroup>
  <ItemGroup>
    <ResourceCompile Include="gui.rc">
      <Filter>资源文件</Filter>
    </ResourceCompile>
  </ItemGroup>
</Project>